
Microsoft Visual Studio Solution File, Format Version 12.00
# Visual Studio Version 17
VisualStudioVersion = 17.14.36414.22
MinimumVisualStudioVersion = 10.0.40219.1
Project("{2150E333-8FDC-42A3-9474-1A3956D46DE8}") = "src", "src", "{02EA681E-C7D8-13C7-8484-4AC65E1B71E8}"
EndProject
Project("{2150E333-8FDC-42A3-9474-1A3956D46DE8}") = "tests", "tests", "{D6B86E8F-C632-4B45-8683-8E13A0036072}"
EndProject
Project("{FAE04EC0-301F-11D3-BF4B-00C04F79EFBC}") = "PatientService", "PatientService\PatientService.csproj", "{14F295B7-E3BC-4DD6-95D1-29BBF680B90D}"
EndProject
Project("{FAE04EC0-301F-11D3-BF4B-00C04F79EFBC}") = "IdentityService", "IdentityService\IdentityService.csproj", "{4A7371E5-136D-4531-89D1-7D80D29BF9B7}"
EndProject
Project("{FAE04EC0-301F-11D3-BF4B-00C04F79EFBC}") = "OcelotGateway", "OcelotGateway\OcelotGateway.csproj", "{EC40A397-3EC1-4FFA-8CA6-DB9F7C226760}"
EndProject
Project("{FAE04EC0-301F-11D3-BF4B-00C04F79EFBC}") = "Frontend", "Frontend\Frontend.csproj", "{82D7EEC2-861B-4099-A1C7-40410906E7F7}"
EndProject
Project("{FAE04EC0-301F-11D3-BF4B-00C04F79EFBC}") = "NoteService", "NoteService\NoteService.csproj", "{7F41DF64-C179-45B0-8DFC-8573CAD7BE55}"
EndProject
Project("{FAE04EC0-301F-11D3-BF4B-00C04F79EFBC}") = "AssessmentService", "AssessmentService\AssessmentService.csproj", "{EF590EFA-B149-4358-B62C-DF5CB05A14FB}"
EndProject
Project("{FAE04EC0-301F-11D3-BF4B-00C04F79EFBC}") = "AssessmentServiceTests", "AssessmentServiceTests\AssessmentServiceTests.csproj", "{EA4AF5D7-3CC1-4712-89C9-C844BBE8FC3E}"
EndProject
Project("{FAE04EC0-301F-11D3-BF4B-00C04F79EFBC}") = "FrontendTests", "FrontendTests\FrontendTests.csproj", "{08AC2AB7-07BF-EC51-126A-D71E4399C60A}"
EndProject
Project("{FAE04EC0-301F-11D3-BF4B-00C04F79EFBC}") = "IdentityServiceTests", "IdentityServiceTests\IdentityServiceTests.csproj", "{8EF98222-93CB-AFF6-28EA-DF3EC1768FE0}"
EndProject
Project("{FAE04EC0-301F-11D3-BF4B-00C04F79EFBC}") = "NoteServiceTests", "NoteServiceTests\NoteServiceTests.csproj", "{878246BA-89AA-BC24-78E9-5F1D1C754C5E}"
EndProject
Project("{FAE04EC0-301F-11D3-BF4B-00C04F79EFBC}") = "PatientServiceTests", "PatientServiceTests\PatientServiceTests.csproj", "{780925E7-12F5-7662-97E4-F50C98D6DCAC}"
EndProject
Global
	GlobalSection(SolutionConfigurationPlatforms) = preSolution
		Debug|Any CPU = Debug|Any CPU
		Release|Any CPU = Release|Any CPU
	EndGlobalSection
	GlobalSection(ProjectConfigurationPlatforms) = postSolution
		{14F295B7-E3BC-4DD6-95D1-29BBF680B90D}.Debug|Any CPU.ActiveCfg = Debug|Any CPU
		{14F295B7-E3BC-4DD6-95D1-29BBF680B90D}.Debug|Any CPU.Build.0 = Debug|Any CPU
		{14F295B7-E3BC-4DD6-95D1-29BBF680B90D}.Release|Any CPU.ActiveCfg = Release|Any CPU
		{14F295B7-E3BC-4DD6-95D1-29BBF680B90D}.Release|Any CPU.Build.0 = Release|Any CPU
		{4A7371E5-136D-4531-89D1-7D80D29BF9B7}.Debug|Any CPU.ActiveCfg = Debug|Any CPU
		{4A7371E5-136D-4531-89D1-7D80D29BF9B7}.Debug|Any CPU.Build.0 = Debug|Any CPU
		{4A7371E5-136D-4531-89D1-7D80D29BF9B7}.Release|Any CPU.ActiveCfg = Release|Any CPU
		{4A7371E5-136D-4531-89D1-7D80D29BF9B7}.Release|Any CPU.Build.0 = Release|Any CPU
		{EC40A397-3EC1-4FFA-8CA6-DB9F7C226760}.Debug|Any CPU.ActiveCfg = Debug|Any CPU
		{EC40A397-3EC1-4FFA-8CA6-DB9F7C226760}.Debug|Any CPU.Build.0 = Debug|Any CPU
		{EC40A397-3EC1-4FFA-8CA6-DB9F7C226760}.Release|Any CPU.ActiveCfg = Release|Any CPU
		{EC40A397-3EC1-4FFA-8CA6-DB9F7C226760}.Release|Any CPU.Build.0 = Release|Any CPU
		{82D7EEC2-861B-4099-A1C7-40410906E7F7}.Debug|Any CPU.ActiveCfg = Debug|Any CPU
		{82D7EEC2-861B-4099-A1C7-40410906E7F7}.Debug|Any CPU.Build.0 = Debug|Any CPU
		{82D7EEC2-861B-4099-A1C7-40410906E7F7}.Release|Any CPU.ActiveCfg = Release|Any CPU
		{82D7EEC2-861B-4099-A1C7-40410906E7F7}.Release|Any CPU.Build.0 = Release|Any CPU
		{7F41DF64-C179-45B0-8DFC-8573CAD7BE55}.Debug|Any CPU.ActiveCfg = Debug|Any CPU
		{7F41DF64-C179-45B0-8DFC-8573CAD7BE55}.Debug|Any CPU.Build.0 = Debug|Any CPU
		{7F41DF64-C179-45B0-8DFC-8573CAD7BE55}.Release|Any CPU.ActiveCfg = Release|Any CPU
		{7F41DF64-C179-45B0-8DFC-8573CAD7BE55}.Release|Any CPU.Build.0 = Release|Any CPU
		{EF590EFA-B149-4358-B62C-DF5CB05A14FB}.Debug|Any CPU.ActiveCfg = Debug|Any CPU
		{EF590EFA-B149-4358-B62C-DF5CB05A14FB}.Debug|Any CPU.Build.0 = Debug|Any CPU
		{EF590EFA-B149-4358-B62C-DF5CB05A14FB}.Release|Any CPU.ActiveCfg = Release|Any CPU
		{EF590EFA-B149-4358-B62C-DF5CB05A14FB}.Release|Any CPU.Build.0 = Release|Any CPU
		{EA4AF5D7-3CC1-4712-89C9-C844BBE8FC3E}.Debug|Any CPU.ActiveCfg = Debug|Any CPU
		{EA4AF5D7-3CC1-4712-89C9-C844BBE8FC3E}.Debug|Any CPU.Build.0 = Debug|Any CPU
		{EA4AF5D7-3CC1-4712-89C9-C844BBE8FC3E}.Release|Any CPU.ActiveCfg = Release|Any CPU
		{EA4AF5D7-3CC1-4712-89C9-C844BBE8FC3E}.Release|Any CPU.Build.0 = Release|Any CPU
		{08AC2AB7-07BF-EC51-126A-D71E4399C60A}.Debug|Any CPU.ActiveCfg = Debug|Any CPU
		{08AC2AB7-07BF-EC51-126A-D71E4399C60A}.Debug|Any CPU.Build.0 = Debug|Any CPU
		{08AC2AB7-07BF-EC51-126A-D71E4399C60A}.Release|Any CPU.ActiveCfg = Release|Any CPU
		{08AC2AB7-07BF-EC51-126A-D71E4399C60A}.Release|Any CPU.Build.0 = Release|Any CPU
		{8EF98222-93CB-AFF6-28EA-DF3EC1768FE0}.Debug|Any CPU.ActiveCfg = Debug|Any CPU
		{8EF98222-93CB-AFF6-28EA-DF3EC1768FE0}.Debug|Any CPU.Build.0 = Debug|Any CPU
		{8EF98222-93CB-AFF6-28EA-DF3EC1768FE0}.Release|Any CPU.ActiveCfg = Release|Any CPU
		{8EF98222-93CB-AFF6-28EA-DF3EC1768FE0}.Release|Any CPU.Build.0 = Release|Any CPU
		{878246BA-89AA-BC24-78E9-5F1D1C754C5E}.Debug|Any CPU.ActiveCfg = Debug|Any CPU
		{878246BA-89AA-BC24-78E9-5F1D1C754C5E}.Debug|Any CPU.Build.0 = Debug|Any CPU
		{878246BA-89AA-BC24-78E9-5F1D1C754C5E}.Release|Any CPU.ActiveCfg = Release|Any CPU
		{878246BA-89AA-BC24-78E9-5F1D1C754C5E}.Release|Any CPU.Build.0 = Release|Any CPU
		{780925E7-12F5-7662-97E4-F50C98D6DCAC}.Debug|Any CPU.ActiveCfg = Debug|Any CPU
		{780925E7-12F5-7662-97E4-F50C98D6DCAC}.Debug|Any CPU.Build.0 = Debug|Any CPU
		{780925E7-12F5-7662-97E4-F50C98D6DCAC}.Release|Any CPU.ActiveCfg = Release|Any CPU
		{780925E7-12F5-7662-97E4-F50C98D6DCAC}.Release|Any CPU.Build.0 = Release|Any CPU
	EndGlobalSection
	GlobalSection(SolutionProperties) = preSolution
		HideSolutionNode = FALSE
	EndGlobalSection
	GlobalSection(NestedProjects) = preSolution
		{14F295B7-E3BC-4DD6-95D1-29BBF680B90D} = {02EA681E-C7D8-13C7-8484-4AC65E1B71E8}
		{4A7371E5-136D-4531-89D1-7D80D29BF9B7} = {02EA681E-C7D8-13C7-8484-4AC65E1B71E8}
		{EC40A397-3EC1-4FFA-8CA6-DB9F7C226760} = {02EA681E-C7D8-13C7-8484-4AC65E1B71E8}
		{82D7EEC2-861B-4099-A1C7-40410906E7F7} = {02EA681E-C7D8-13C7-8484-4AC65E1B71E8}
		{7F41DF64-C179-45B0-8DFC-8573CAD7BE55} = {02EA681E-C7D8-13C7-8484-4AC65E1B71E8}
		{EF590EFA-B149-4358-B62C-DF5CB05A14FB} = {02EA681E-C7D8-13C7-8484-4AC65E1B71E8}
		{EA4AF5D7-3CC1-4712-89C9-C844BBE8FC3E} = {D6B86E8F-C632-4B45-8683-8E13A0036072}
		{08AC2AB7-07BF-EC51-126A-D71E4399C60A} = {D6B86E8F-C632-4B45-8683-8E13A0036072}
		{8EF98222-93CB-AFF6-28EA-DF3EC1768FE0} = {D6B86E8F-C632-4B45-8683-8E13A0036072}
		{878246BA-89AA-BC24-78E9-5F1D1C754C5E} = {D6B86E8F-C632-4B45-8683-8E13A0036072}
		{780925E7-12F5-7662-97E4-F50C98D6DCAC} = {D6B86E8F-C632-4B45-8683-8E13A0036072}
	EndGlobalSection
	GlobalSection(ExtensibilityGlobals) = postSolution
		SolutionGuid = {227452E4-7B7A-48A9-ABB1-162216DD9975}
	EndGlobalSection
EndGlobal
